{
  "name": "consent-preference-js",
  "version": "1.0.0",
  "lockfileVersion": 1,
  "requires": true,
  "dependencies": {
    "toggle-switch-css": {
      "version": "1.0.3",
      "resolved": "https://registry.npmjs.org/toggle-switch-css/-/toggle-switch-css-1.0.3.tgz",
      "integrity": "sha512-EHI56A/NdXgToiFUDqdXO4m4IU0v2PDXkvlL+In5HEm8V7Euhru9NgiZGiRwKkH5tNmkbLcY4S1VO4OfUrL4CA==",
      "dev": true
    }
  }
}
